
Microsoft Visual Studio Solution File, Format Version 12.00
# Visual Studio Version 17
VisualStudioVersion = 17.4.33205.214
MinimumVisualStudioVersion = 10.0.40219.1
Project("{FAE04EC0-301F-11D3-BF4B-00C04F79EFBC}") = "Go-Cart", "Go-Cart\Go-Cart.csproj", "{B70664F0-A0E5-43E9-B5F0-2D34A3F72BC0}"
EndProject
Global
	GlobalSection(SolutionConfigurationPlatforms) = preSolution
		Debug|Any CPU = Debug|Any CPU
		Release|Any CPU = Release|Any CPU
	EndGlobalSection
	GlobalSection(ProjectConfigurationPlatforms) = postSolution
		{B70664F0-A0E5-43E9-B5F0-2D34A3F72BC0}.Debug|Any CPU.ActiveCfg = Debug|Any CPU
		{B70664F0-A0E5-43E9-B5F0-2D34A3F72BC0}.Debug|Any CPU.Build.0 = Debug|Any CPU
		{B70664F0-A0E5-43E9-B5F0-2D34A3F72BC0}.Release|Any CPU.ActiveCfg = Release|Any CPU
		{B70664F0-A0E5-43E9-B5F0-2D34A3F72BC0}.Release|Any CPU.Build.0 = Release|Any CPU
	EndGlobalSection
	GlobalSection(SolutionProperties) = preSolution
		HideSolutionNode = FALSE
	EndGlobalSection
	GlobalSection(ExtensibilityGlobals) = postSolution
		SolutionGuid = {FF7DF882-9A24-439E-A840-1950DA94BD39}
	EndGlobalSection
EndGlobal
